
Microsoft Visual Studio Solution File, Format Version 12.00
# Visual Studio Version 16
VisualStudioVersion = 16.0.29020.237
MinimumVisualStudioVersion = 10.0.40219.1
Project("{FAE04EC0-301F-11D3-BF4B-00C04F79EFBC}") = "validations", "ConsoleApp1\validations.csproj", "{27BF2D03-C0B8-4AE5-90B1-49A99D9EF7F8}"
EndProject
Global
	GlobalSection(SolutionConfigurationPlatforms) = preSolution
		Debug|Any CPU = Debug|Any CPU
		Release|Any CPU = Release|Any CPU
	EndGlobalSection
	GlobalSection(ProjectConfigurationPlatforms) = postSolution
		{27BF2D03-C0B8-4AE5-90B1-49A99D9EF7F8}.Debug|Any CPU.ActiveCfg = Debug|Any CPU
		{27BF2D03-C0B8-4AE5-90B1-49A99D9EF7F8}.Debug|Any CPU.Build.0 = Debug|Any CPU
		{27BF2D03-C0B8-4AE5-90B1-49A99D9EF7F8}.Release|Any CPU.ActiveCfg = Release|Any CPU
		{27BF2D03-C0B8-4AE5-90B1-49A99D9EF7F8}.Release|Any CPU.Build.0 = Release|Any CPU
	EndGlobalSection
	GlobalSection(SolutionProperties) = preSolution
		HideSolutionNode = FALSE
	EndGlobalSection
	GlobalSection(ExtensibilityGlobals) = postSolution
		SolutionGuid = {843B038D-2602-491A-8619-154AA6BB9169}
	EndGlobalSection
EndGlobal
